lockfile_version: '1'
generated_at: '2026-08-22T13:11:43.398279+00:00'
apm_version: 0.21.0
dependencies:
- repo_url: wxxxcxx/agent-package
  host: github.com
  resolved_commit: 4ef3cf3bdad91cbe717063f95dae8907a34316ab
  package_type: apm_package
  content_hash: sha256:25217f83fdde51ac69ca572b3b41262152a74b43e6bc1dbde91c970e7a272fc8
- repo_url: wxxxcxx/agent-package
  host: github.com
  resolved_commit: 4ef3cf3bdad91cbe717063f95dae8907a34316ab
  virtual_path: engineering
  is_virtual: true
  depth: 2
  resolved_by: wxxxcxx/agent-package
  package_type: apm_package
  deployed_files:
  - .agents/skills/woz-code-review
  - .agents/skills/woz-code-review/SKILL.md
  - .agents/skills/woz-code-review/agents/openai.yaml
  - .agents/skills/woz-codebase-design
  - .agents/skills/woz-codebase-design/DEEPENING.md
  - .agents/skills/woz-codebase-design/DESIGN-IT-TWICE.md
  - .agents/skills/woz-codebase-design/SKILL.md
  - .agents/skills/woz-codebase-design/agents/openai.yaml
  - .agents/skills/woz-diagnosing-bugs
  - .agents/skills/woz-diagnosing-bugs/SKILL.md
  - .agents/skills/woz-diagnosing-bugs/agents/openai.yaml
  - .agents/skills/woz-diagnosing-bugs/scripts/hitl-loop.template.sh
  - .agents/skills/woz-domain-modeling
  - .agents/skills/woz-domain-modeling/ADR-FORMAT.md
  - .agents/skills/woz-domain-modeling/CONTEXT-FORMAT.md
  - .agents/skills/woz-domain-modeling/SKILL.md
  - .agents/skills/woz-domain-modeling/agents/openai.yaml
  - .agents/skills/woz-grill-with-docs
  - .agents/skills/woz-grill-with-docs/SKILL.md
  - .agents/skills/woz-grill-with-docs/agents/openai.yaml
  - .agents/skills/woz-help
  - .agents/skills/woz-help/SKILL.md
  - .agents/skills/woz-help/agents/openai.yaml
  - .agents/skills/woz-implement
  - .agents/skills/woz-implement/SKILL.md
  - .agents/skills/woz-implement/agents/openai.yaml
  - .agents/skills/woz-improve-codebase-architecture
  - .agents/skills/woz-improve-codebase-architecture/HTML-REPORT.md
  - .agents/skills/woz-improve-codebase-architecture/SKILL.md
  - .agents/skills/woz-improve-codebase-architecture/agents/openai.yaml
  - .agents/skills/woz-prototype
  - .agents/skills/woz-prototype/LOGIC.md
  - .agents/skills/woz-prototype/SKILL.md
  - .agents/skills/woz-prototype/UI.md
  - .agents/skills/woz-prototype/agents/openai.yaml
  - .agents/skills/woz-research
  - .agents/skills/woz-research/SKILL.md
  - .agents/skills/woz-research/agents/openai.yaml
  - .agents/skills/woz-resolving-merge-conflicts
  - .agents/skills/woz-resolving-merge-conflicts/SKILL.md
  - .agents/skills/woz-resolving-merge-conflicts/agents/openai.yaml
  - .agents/skills/woz-setup-project
  - .agents/skills/woz-setup-project/SKILL.md
  - .agents/skills/woz-setup-project/agents/openai.yaml
  - .agents/skills/woz-setup-project/domain.md
  - .agents/skills/woz-setup-project/issue-tracker-github.md
  - .agents/skills/woz-setup-project/issue-tracker-gitlab.md
  - .agents/skills/woz-setup-project/issue-tracker-local.md
  - .agents/skills/woz-setup-project/triage-labels.md
  - .agents/skills/woz-tdd
  - .agents/skills/woz-tdd/SKILL.md
  - .agents/skills/woz-tdd/agents/openai.yaml
  - .agents/skills/woz-tdd/mocking.md
  - .agents/skills/woz-tdd/tests.md
  - .agents/skills/woz-to-spec
  - .agents/skills/woz-to-spec/SKILL.md
  - .agents/skills/woz-to-spec/agents/openai.yaml
  - .agents/skills/woz-to-tickets
  - .agents/skills/woz-to-tickets/SKILL.md
  - .agents/skills/woz-to-tickets/agents/openai.yaml
  - .agents/skills/woz-triage
  - .agents/skills/woz-triage/AGENT-BRIEF.md
  - .agents/skills/woz-triage/OUT-OF-SCOPE.md
  - .agents/skills/woz-triage/SKILL.md
  - .agents/skills/woz-triage/agents/openai.yaml
  - .agents/skills/woz-wayfinder
  - .agents/skills/woz-wayfinder/SKILL.md
  - .agents/skills/woz-wayfinder/agents/openai.yaml
  deployed_file_hashes:
    .agents/skills/woz-code-review/SKILL.md: sha256:118e62d1909524fb51a77983d7718f6ab940e21a9ac1cb2c70f86b1738ad7ef8
    .agents/skills/woz-code-review/agents/openai.yaml: sha256:8229ca854e11dc8e6aef2131ee03f31fb1561cf905fab9ccc325180cf3331352
    .agents/skills/woz-codebase-design/DEEPENING.md: sha256:125e6b77413ad2bc7cf7a772bc74336d580a50f9e797db2178ed133d62333d06
    .agents/skills/woz-codebase-design/DESIGN-IT-TWICE.md: sha256:21c3264953bd30ee87b181a3ccaf0e70649f461e5ffd7dc654acee4ba1788b31
    .agents/skills/woz-codebase-design/SKILL.md: sha256:487e961c9bd2660504ed39e6a5bbafcf66ea2a088b125741777482281a118733
    .agents/skills/woz-codebase-design/agents/openai.yaml: sha256:edebc9e4fcfe102114012575eaa9600b9b5fd08c311664f389c36e7bc717740f
    .agents/skills/woz-diagnosing-bugs/SKILL.md: sha256:483bc1cb3e63d7ab30244090399a93cd363385a0deab4134cac55d44b7a890a3
    .agents/skills/woz-diagnosing-bugs/agents/openai.yaml: sha256:3e430dbe4334a87597488c060cb3dc3786bb00c9182877d6f5ec41f62490e90b
    .agents/skills/woz-diagnosing-bugs/scripts/hitl-loop.template.sh: sha256:b2932630950e5210075bcd6f850e5accf30c101c5367b29eac3a29b4dd8084c8
    .agents/skills/woz-domain-modeling/ADR-FORMAT.md: sha256:f1f36cd3f8d3b6474ddd5855da4e233bfc4ae1a1c5024909ccf11871819a41b2
    .agents/skills/woz-domain-modeling/CONTEXT-FORMAT.md: sha256:b8cc318f2a4285b530e908b6bc43901c3c5cd11100362636bbc4216639bef597
    .agents/skills/woz-domain-modeling/SKILL.md: sha256:20aad24028e6a63ce3c744b9e059a5b0dfd4ef2aba5f2459ca296f0d2987f3df
    .agents/skills/woz-domain-modeling/agents/openai.yaml: sha256:f6bf2aa996c6e6f53fdd0708e18a0d16a56aed8322cca59fedbe3c0d2c75f06b
    .agents/skills/woz-grill-with-docs/SKILL.md: sha256:0aa12b6e1659fd3304bade3b70d078c31fcb6b812e24a2e852e80162fef25723
    .agents/skills/woz-grill-with-docs/agents/openai.yaml: sha256:94cd0ab161fb468a836349f5ed482ba58ce8e709a05c57ce533d739dbd35cca9
    .agents/skills/woz-help/SKILL.md: sha256:2d2df9ec5a82a4a1f866a0c19f09227915eedba1b245e376e8941eac2927a540
    .agents/skills/woz-help/agents/openai.yaml: sha256:bdffbc5a0a99ed1b6ef3253d251d755fd18162b9845972e380007f844b09b05c
    .agents/skills/woz-implement/SKILL.md: sha256:80cf2b2a90e43b2a265849a22cf3699505882fc23c9cd810197cc35a62959e79
    .agents/skills/woz-implement/agents/openai.yaml: sha256:8970a8596ade0c28ab427f41a4ea242d6bdf6186c59ebf55e1238dbecaab79dc
    .agents/skills/woz-improve-codebase-architecture/HTML-REPORT.md: sha256:182b98f6190e1644536d1c9b091c8577dd2ca24653eff6939ced77d99bc93347
    .agents/skills/woz-improve-codebase-architecture/SKILL.md: sha256:d43ac6208be5f2d8b2f0081b6b5e9ed46bf0bf4573d8ee9defbbc4b28cc9cd37
    .agents/skills/woz-improve-codebase-architecture/agents/openai.yaml: sha256:c8cb20f68ebf0edb4e497bc11ae5fcaa196004e661cd189015b04f4109ced7f1
    .agents/skills/woz-prototype/LOGIC.md: sha256:cf372862bccd3db7f18ea57abd76d6c32e6adf65b9e7f46c73d433e107567a5c
    .agents/skills/woz-prototype/SKILL.md: sha256:75aff21c89b8f4bdd009af3774f86c056e92b839c90f1cc61815add97fc6652a
    .agents/skills/woz-prototype/UI.md: sha256:721970deb6f1a462f56c3ae94cd66b3c78fdfb40358a99e2a3db1e2515c45d73
    .agents/skills/woz-prototype/agents/openai.yaml: sha256:5af65e43ab41a350436697b81e27b7f848d36782043b73c322bb2c9fa9cc55dc
    .agents/skills/woz-research/SKILL.md: sha256:7075738c8b04763470a389f433448ffa5b7458514124c96e3c327c3ad5799264
    .agents/skills/woz-research/agents/openai.yaml: sha256:9b4c470d63221c1f68f22df70b83e2f12401b317babe0d1b7b5f24a974474d0d
    .agents/skills/woz-resolving-merge-conflicts/SKILL.md: sha256:f5777dac840d0b68d17d8dc67f1fe162eb3fee6c7f7136f81606ea776eb60215
    .agents/skills/woz-resolving-merge-conflicts/agents/openai.yaml: sha256:a1f4f96838f2ed6282eb28abbbf99029cb8fadce552baf53da90a025b8bffddf
    .agents/skills/woz-setup-project/SKILL.md: sha256:d71903260dbea07bd0c09875e513c20a1e523048c9e9ac869967f6f0dcda026e
    .agents/skills/woz-setup-project/agents/openai.yaml: sha256:9527de0110541c45712319025155aeab8dc7d77c6ed6e5e83271bab1851ab939
    .agents/skills/woz-setup-project/domain.md: sha256:5c2293e8acb5f3c4ca8b33fe37a1092d984ea1e99de432917f2ddb701d478d35
    .agents/skills/woz-setup-project/issue-tracker-github.md: sha256:0d83fc96ec88eb4b91ce2a6580978ca06612b77385e42e7da9655381fb4dec5e
    .agents/skills/woz-setup-project/issue-tracker-gitlab.md: sha256:4bda2ac060db2ee9f6db193d364592558279725aa05e5e227db10c06c966dc32
    .agents/skills/woz-setup-project/issue-tracker-local.md: sha256:48bd9c5e41998e204a728bba1d3992a34dbf29de9296df7323fd422a2c823dea
    .agents/skills/woz-setup-project/triage-labels.md: sha256:4f53c9b40ce2651e3611aa090eaedbd6dbc9b71ef8c5f7e65eac0d8263190d0d
    .agents/skills/woz-tdd/SKILL.md: sha256:61ee99c101a5541dbe44d951f50efea3dfb8dfc8766a96d45e2426a722e3f469
    .agents/skills/woz-tdd/agents/openai.yaml: sha256:ea6f01cf1b8c06a4b0f5b649d74b1b8ce8685e72af1b38d70d877693e092af0b
    .agents/skills/woz-tdd/mocking.md: sha256:3ceb807fdf4a47d6a93d4d9a891e5ba6d362a6247bd08adc451feebfc17361ef
    .agents/skills/woz-tdd/tests.md: sha256:859f9e592c188fda4fc7277dd180e4ce9c7a2e13f6efe1f6f29eccc9d28c106a
    .agents/skills/woz-to-spec/SKILL.md: sha256:d57c213df350f16d10ca60986aaaf00b1b4ad27122016b3fccc7b75a9be1d65e
    .agents/skills/woz-to-spec/agents/openai.yaml: sha256:1c5b4d1e3d8e52287ef19cc2742fdbbfae1914ac75d33af3e4c8174f08cc55bb
    .agents/skills/woz-to-tickets/SKILL.md: sha256:af31f372d57c7855cfca7714a39f024d6fa84b0ab5449c30cd017621b1b1c967
    .agents/skills/woz-to-tickets/agents/openai.yaml: sha256:21bc6215fffcd7614e9f772bb1760e87cc5fc7dcc707e7d282bc9414267a6090
    .agents/skills/woz-triage/AGENT-BRIEF.md: sha256:58d7caa72ae577b0e4470e4c74e9b9863a9666c0ce6af650e11041804f43a476
    .agents/skills/woz-triage/OUT-OF-SCOPE.md: sha256:2526f998fd7ca5e956d3f6f234bcc2431a5971ee769f1148ddc60b92f04d5914
    .agents/skills/woz-triage/SKILL.md: sha256:b6e064f6aa6051bebf6fb89cea43abe6030b5919418a2ea6fe35501d7e95859e
    .agents/skills/woz-triage/agents/openai.yaml: sha256:2e683717720cf456d165d0bb1a68bb600d0b6a8ccb61841c172e50d26f95351c
    .agents/skills/woz-wayfinder/SKILL.md: sha256:90948426525c24ade68672c5ed94d6d09f21f652c5f1191fff28e7a8903abff3
    .agents/skills/woz-wayfinder/agents/openai.yaml: sha256:88bc81a11a6d52ac67aeaa76b8b619e387020d47c5133a4dd4927fd15c4ad073
  content_hash: sha256:1d55cff3ae633f00ba4da0b8935f671416079f8669a65c239e50f4158210e346
- repo_url: wxxxcxx/agent-package
  host: github.com
  resolved_commit: 4ef3cf3bdad91cbe717063f95dae8907a34316ab
  virtual_path: general
  is_virtual: true
  depth: 2
  resolved_by: wxxxcxx/agent-package
  package_type: apm_package
  deployed_files:
  - .agents/skills/woz-grill-me
  - .agents/skills/woz-grill-me/SKILL.md
  - .agents/skills/woz-grill-me/agents/openai.yaml
  - .agents/skills/woz-grilling
  - .agents/skills/woz-grilling/SKILL.md
  - .agents/skills/woz-grilling/agents/openai.yaml
  - .agents/skills/woz-handoff
  - .agents/skills/woz-handoff/SKILL.md
  - .agents/skills/woz-handoff/agents/openai.yaml
  - .agents/skills/woz-teach
  - .agents/skills/woz-teach/GLOSSARY-FORMAT.md
  - .agents/skills/woz-teach/LEARNING-RECORD-FORMAT.md
  - .agents/skills/woz-teach/MISSION-FORMAT.md
  - .agents/skills/woz-teach/RESOURCES-FORMAT.md
  - .agents/skills/woz-teach/SKILL.md
  - .agents/skills/woz-teach/agents/openai.yaml
  - .agents/skills/woz-writing-great-skills
  - .agents/skills/woz-writing-great-skills/GLOSSARY.md
  - .agents/skills/woz-writing-great-skills/SKILL.md
  - .agents/skills/woz-writing-great-skills/agents/openai.yaml
  deployed_file_hashes:
    .agents/skills/woz-grill-me/SKILL.md: sha256:0c2aa1d5edb65d58f42d96f10ad60e9fd6a0aad996f3692e134d31f7d566f2fc
    .agents/skills/woz-grill-me/agents/openai.yaml: sha256:c061e39c3e0f9d865fb1b97556d485704af2a8a58f4b8221a8917a5c2074a32b
    .agents/skills/woz-grilling/SKILL.md: sha256:4274aca940d9422b757519b7e9d37024ea33976b00cb1cba0c1abb87a51ec79f
    .agents/skills/woz-grilling/agents/openai.yaml: sha256:cf29b9a8dbf35a58a908a6ca4f64dcd86c2b2130291eee0a78b9f706b138825b
    .agents/skills/woz-handoff/SKILL.md: sha256:eb49663973c2cf19a4e332bda1aacb5769b710079ddebb135576f47f1cbd0952
    .agents/skills/woz-handoff/agents/openai.yaml: sha256:5c479fd562c691851690e8b18c8501045bef0943c10743d636b2fae26add1d28
    .agents/skills/woz-teach/GLOSSARY-FORMAT.md: sha256:d177def491519d97873291f2e860d8f1d60ead78feecb82eee022177958069c6
    .agents/skills/woz-teach/LEARNING-RECORD-FORMAT.md: sha256:855f81017625256584bbf62bd5edb9b0c86605c4cc1139c56acc36b802595d17
    .agents/skills/woz-teach/MISSION-FORMAT.md: sha256:8da6d3ac84eb2eb19f17c260b6acf01c560d3ac7a4501c415eea0e985602f4d7
    .agents/skills/woz-teach/RESOURCES-FORMAT.md: sha256:2bc634a64b0d0daa10904f9222e7aa0d361420dfacabbf092fbe3a72222edc08
    .agents/skills/woz-teach/SKILL.md: sha256:d71e2168a66e8ac5b5b411dbf410645bec24179a67ee286c2520538c1c3cc1d4
    .agents/skills/woz-teach/agents/openai.yaml: sha256:5856f3ae8aec742f1499c640aecdd5f1d6af5fa210a7c6ec794de8263a6f733f
    .agents/skills/woz-writing-great-skills/GLOSSARY.md: sha256:cccd684c73fb7a06f523497b0121765f92d2b33d6ef9c51602294849233451d6
    .agents/skills/woz-writing-great-skills/SKILL.md: sha256:e50d618c234ffcfa08433af73a8d0005582b24e0555a74a4ceec07af0687a7e6
    .agents/skills/woz-writing-great-skills/agents/openai.yaml: sha256:b3c555d2654ec61aed78f8435f583c6a0cd6bf980d71317724682ad20075c33d
  content_hash: sha256:f7cc7842f470c0d8559e5fab2ef80106a0ecfa4c066e7e439ceca022e438e49f
